
Microsoft Visual Studio Solution File, Format Version 12.00
# Visual Studio Version 16
VisualStudioVersion = 16.0.30309.148
MinimumVisualStudioVersion = 10.0.40219.1
Project("{2150E333-8FDC-42A3-9474-1A3956D46DE8}") = "Database", "Database", "{7F26B13F-8460-4CE3-94EE-C302A8A42386}"
EndProject
Project("{2150E333-8FDC-42A3-9474-1A3956D46DE8}") = "UI", "UI", "{AB31C512-A64B-472F-9719-2E39BFEE7BF5}"
EndProject
Project("{00D1A9C2-B5F0-4AF3-8072-F6C62B433612}") = "GestContact.Database", "GestContact.Database\GestContact.Database.sqlproj", "{5F7B7EA1-D502-4A12-BBAC-3AE7B3456679}"
EndProject
Project("{9A19103F-16F7-4668-BE54-9A1E7A4F7556}") = "Models.Common.Intefaces", "Models.Common.Intefaces\Models.Common.Intefaces.csproj", "{0AB963A0-7992-4CB9-8762-A44C722A164E}"
EndProject
Project("{9A19103F-16F7-4668-BE54-9A1E7A4F7556}") = "Models.Global.Entities", "Models.Global.Entities\Models.Global.Entities.csproj", "{BEAECD90-ACD2-418C-A9A6-B2428C9FD309}"
EndProject
Project("{9A19103F-16F7-4668-BE54-9A1E7A4F7556}") = "Models.Global.Services", "Models.Global.Services\Models.Global.Services.csproj", "{FC1A91CF-BD65-4531-B7DC-0FDE6C2E0896}"
EndProject
Project("{FAE04EC0-301F-11D3-BF4B-00C04F79EFBC}") = "GestContact.MVC", "GestContact.MVC\GestContact.MVC.csproj", "{2AB6756C-4E78-4993-A576-7A5EC430594E}"
EndProject
Project("{2150E333-8FDC-42A3-9474-1A3956D46DE8}") = "Tools", "Tools", "{7E98F481-E3E3-471D-B0ED-52577498346A}"
EndProject
Project("{2150E333-8FDC-42A3-9474-1A3956D46DE8}") = "Databases", "Databases", "{EF1570F7-1299-4D8F-B3C4-1E719978344E}"
EndProject
Project("{9A19103F-16F7-4668-BE54-9A1E7A4F7556}") = "Tools.Databases", "Tools.Databases\Tools.Databases.csproj", "{4C6A9804-001A-461F-B72D-F640C5EB524D}"
EndProject
Project("{9A19103F-16F7-4668-BE54-9A1E7A4F7556}") = "Models.Client", "Models.Client\Models.Client.csproj", "{807E2AAF-2467-40A5-AC5E-9AEF1447E734}"
EndProject
Project("{2150E333-8FDC-42A3-9474-1A3956D46DE8}") = "Api", "Api", "{E4EBFF50-F0A9-4E5E-8056-B9D23D717D12}"
EndProject
Project("{FAE04EC0-301F-11D3-BF4B-00C04F79EFBC}") = "GestContact.Api", "GestContact.Api\GestContact.Api.csproj", "{16977B2D-A24E-4492-BABB-9F07D3C5C4D8}"
EndProject
Project("{9A19103F-16F7-4668-BE54-9A1E7A4F7556}") = "Models.Global.Services.Api", "Models.Global.Services.Api\Models.Global.Services.Api.csproj", "{1BC90756-9D8E-4678-8E7A-F064AB723747}"
EndProject
Project("{2150E333-8FDC-42A3-9474-1A3956D46DE8}") = "DAL", "DAL", "{07002152-1E91-4F34-B612-F89DAA67F850}"
EndProject
Project("{2150E333-8FDC-42A3-9474-1A3956D46DE8}") = "Common", "Common", "{08EB3CD4-FCDF-4250-8314-FFE0AD8B7821}"
EndProject
Project("{2150E333-8FDC-42A3-9474-1A3956D46DE8}") = "Api", "Api", "{3BC4CE08-306F-4397-9A00-754B1C6F4E6B}"
EndProject
Project("{2150E333-8FDC-42A3-9474-1A3956D46DE8}") = "UI", "UI", "{F9D26739-1EE0-453B-8289-E6BC1D5B1243}"
EndProject
Project("{FAE04EC0-301F-11D3-BF4B-00C04F79EFBC}") = "Model.Global.Interfaces", "Model.Global.Interfaces\Model.Global.Interfaces.csproj", "{4AF9D6FD-6500-4D1A-A458-D3D4CB12FB26}"
EndProject
Project("{FAE04EC0-301F-11D3-BF4B-00C04F79EFBC}") = "Models.Global.Api.Interfaces", "Model.Global.Api.Interfaces\Models.Global.Api.Interfaces.csproj", "{B44FA635-C4C0-44D5-9F14-31C6CE0B99A7}"
EndProject
Global
	GlobalSection(SolutionConfigurationPlatforms) = preSolution
		Debug|Any CPU = Debug|Any CPU
		Release|Any CPU = Release|Any CPU
	EndGlobalSection
	GlobalSection(ProjectConfigurationPlatforms) = postSolution
		{5F7B7EA1-D502-4A12-BBAC-3AE7B3456679}.Debug|Any CPU.ActiveCfg = Debug|Any CPU
		{5F7B7EA1-D502-4A12-BBAC-3AE7B3456679}.Debug|Any CPU.Build.0 = Debug|Any CPU
		{5F7B7EA1-D502-4A12-BBAC-3AE7B3456679}.Debug|Any CPU.Deploy.0 = Debug|Any CPU
		{5F7B7EA1-D502-4A12-BBAC-3AE7B3456679}.Release|Any CPU.ActiveCfg = Release|Any CPU
		{5F7B7EA1-D502-4A12-BBAC-3AE7B3456679}.Release|Any CPU.Build.0 = Release|Any CPU
		{5F7B7EA1-D502-4A12-BBAC-3AE7B3456679}.Release|Any CPU.Deploy.0 = Release|Any CPU
		{0AB963A0-7992-4CB9-8762-A44C722A164E}.Debug|Any CPU.ActiveCfg = Debug|Any CPU
		{0AB963A0-7992-4CB9-8762-A44C722A164E}.Debug|Any CPU.Build.0 = Debug|Any CPU
		{0AB963A0-7992-4CB9-8762-A44C722A164E}.Release|Any CPU.ActiveCfg = Release|Any CPU
		{0AB963A0-7992-4CB9-8762-A44C722A164E}.Release|Any CPU.Build.0 = Release|Any CPU
		{BEAECD90-ACD2-418C-A9A6-B2428C9FD309}.Debug|Any CPU.ActiveCfg = Debug|Any CPU
		{BEAECD90-ACD2-418C-A9A6-B2428C9FD309}.Debug|Any CPU.Build.0 = Debug|Any CPU
		{BEAECD90-ACD2-418C-A9A6-B2428C9FD309}.Release|Any CPU.ActiveCfg = Release|Any CPU
		{BEAECD90-ACD2-418C-A9A6-B2428C9FD309}.Release|Any CPU.Build.0 = Release|Any CPU
		{FC1A91CF-BD65-4531-B7DC-0FDE6C2E0896}.Debug|Any CPU.ActiveCfg = Debug|Any CPU
		{FC1A91CF-BD65-4531-B7DC-0FDE6C2E0896}.Debug|Any CPU.Build.0 = Debug|Any CPU
		{FC1A91CF-BD65-4531-B7DC-0FDE6C2E0896}.Release|Any CPU.ActiveCfg = Release|Any CPU
		{FC1A91CF-BD65-4531-B7DC-0FDE6C2E0896}.Release|Any CPU.Build.0 = Release|Any CPU
		{2AB6756C-4E78-4993-A576-7A5EC430594E}.Debug|Any CPU.ActiveCfg = Debug|Any CPU
		{2AB6756C-4E78-4993-A576-7A5EC430594E}.Debug|Any CPU.Build.0 = Debug|Any CPU
		{2AB6756C-4E78-4993-A576-7A5EC430594E}.Release|Any CPU.ActiveCfg = Release|Any CPU
		{2AB6756C-4E78-4993-A576-7A5EC430594E}.Release|Any CPU.Build.0 = Release|Any CPU
		{4C6A9804-001A-461F-B72D-F640C5EB524D}.Debug|Any CPU.ActiveCfg = Debug|Any CPU
		{4C6A9804-001A-461F-B72D-F640C5EB524D}.Debug|Any CPU.Build.0 = Debug|Any CPU
		{4C6A9804-001A-461F-B72D-F640C5EB524D}.Release|Any CPU.ActiveCfg = Release|Any CPU
		{4C6A9804-001A-461F-B72D-F640C5EB524D}.Release|Any CPU.Build.0 = Release|Any CPU
		{807E2AAF-2467-40A5-AC5E-9AEF1447E734}.Debug|Any CPU.ActiveCfg = Debug|Any CPU
		{807E2AAF-2467-40A5-AC5E-9AEF1447E734}.Debug|Any CPU.Build.0 = Debug|Any CPU
		{807E2AAF-2467-40A5-AC5E-9AEF1447E734}.Release|Any CPU.ActiveCfg = Release|Any CPU
		{807E2AAF-2467-40A5-AC5E-9AEF1447E734}.Release|Any CPU.Build.0 = Release|Any CPU
		{16977B2D-A24E-4492-BABB-9F07D3C5C4D8}.Debug|Any CPU.ActiveCfg = Debug|Any CPU
		{16977B2D-A24E-4492-BABB-9F07D3C5C4D8}.Debug|Any CPU.Build.0 = Debug|Any CPU
		{16977B2D-A24E-4492-BABB-9F07D3C5C4D8}.Release|Any CPU.ActiveCfg = Release|Any CPU
		{16977B2D-A24E-4492-BABB-9F07D3C5C4D8}.Release|Any CPU.Build.0 = Release|Any CPU
		{1BC90756-9D8E-4678-8E7A-F064AB723747}.Debug|Any CPU.ActiveCfg = Debug|Any CPU
		{1BC90756-9D8E-4678-8E7A-F064AB723747}.Debug|Any CPU.Build.0 = Debug|Any CPU
		{1BC90756-9D8E-4678-8E7A-F064AB723747}.Release|Any CPU.ActiveCfg = Release|Any CPU
		{1BC90756-9D8E-4678-8E7A-F064AB723747}.Release|Any CPU.Build.0 = Release|Any CPU
		{4AF9D6FD-6500-4D1A-A458-D3D4CB12FB26}.Debug|Any CPU.ActiveCfg = Debug|Any CPU
		{4AF9D6FD-6500-4D1A-A458-D3D4CB12FB26}.Debug|Any CPU.Build.0 = Debug|Any CPU
		{4AF9D6FD-6500-4D1A-A458-D3D4CB12FB26}.Release|Any CPU.ActiveCfg = Release|Any CPU
		{4AF9D6FD-6500-4D1A-A458-D3D4CB12FB26}.Release|Any CPU.Build.0 = Release|Any CPU
		{B44FA635-C4C0-44D5-9F14-31C6CE0B99A7}.Debug|Any CPU.ActiveCfg = Debug|Any CPU
		{B44FA635-C4C0-44D5-9F14-31C6CE0B99A7}.Debug|Any CPU.Build.0 = Debug|Any CPU
		{B44FA635-C4C0-44D5-9F14-31C6CE0B99A7}.Release|Any CPU.ActiveCfg = Release|Any CPU
		{B44FA635-C4C0-44D5-9F14-31C6CE0B99A7}.Release|Any CPU.Build.0 = Release|Any CPU
	EndGlobalSection
	GlobalSection(SolutionProperties) = preSolution
		HideSolutionNode = FALSE
	EndGlobalSection
	GlobalSection(NestedProjects) = preSolution
		{5F7B7EA1-D502-4A12-BBAC-3AE7B3456679} = {7F26B13F-8460-4CE3-94EE-C302A8A42386}
		{0AB963A0-7992-4CB9-8762-A44C722A164E} = {08EB3CD4-FCDF-4250-8314-FFE0AD8B7821}
		{BEAECD90-ACD2-418C-A9A6-B2428C9FD309} = {08EB3CD4-FCDF-4250-8314-FFE0AD8B7821}
		{FC1A91CF-BD65-4531-B7DC-0FDE6C2E0896} = {3BC4CE08-306F-4397-9A00-754B1C6F4E6B}
		{2AB6756C-4E78-4993-A576-7A5EC430594E} = {AB31C512-A64B-472F-9719-2E39BFEE7BF5}
		{EF1570F7-1299-4D8F-B3C4-1E719978344E} = {7E98F481-E3E3-471D-B0ED-52577498346A}
		{4C6A9804-001A-461F-B72D-F640C5EB524D} = {EF1570F7-1299-4D8F-B3C4-1E719978344E}
		{807E2AAF-2467-40A5-AC5E-9AEF1447E734} = {F9D26739-1EE0-453B-8289-E6BC1D5B1243}
		{16977B2D-A24E-4492-BABB-9F07D3C5C4D8} = {E4EBFF50-F0A9-4E5E-8056-B9D23D717D12}
		{1BC90756-9D8E-4678-8E7A-F064AB723747} = {F9D26739-1EE0-453B-8289-E6BC1D5B1243}
		{08EB3CD4-FCDF-4250-8314-FFE0AD8B7821} = {07002152-1E91-4F34-B612-F89DAA67F850}
		{3BC4CE08-306F-4397-9A00-754B1C6F4E6B} = {07002152-1E91-4F34-B612-F89DAA67F850}
		{F9D26739-1EE0-453B-8289-E6BC1D5B1243} = {07002152-1E91-4F34-B612-F89DAA67F850}
		{4AF9D6FD-6500-4D1A-A458-D3D4CB12FB26} = {3BC4CE08-306F-4397-9A00-754B1C6F4E6B}
		{B44FA635-C4C0-44D5-9F14-31C6CE0B99A7} = {F9D26739-1EE0-453B-8289-E6BC1D5B1243}
	EndGlobalSection
	GlobalSection(ExtensibilityGlobals) = postSolution
		SolutionGuid = {61C9EF06-2B31-45B8-8F06-06A817A10580}
	EndGlobalSection
EndGlobal
